<?xml version="1.0" encoding="UTF-8"?>
<Project ToolsVersion="15.0" xmlns="http://schemas.microsoft.com/developer/msbuild/2003">
  <ItemGroup>
    <CustomBuild Include="C:\Users\Mario\source\repos\PlatformingAI\SFML-Build\CMakeFiles\3ed5012a4c74397232a4a85859a6789b\INSTALL_force.rule">
      <Filter>CMake Rules</Filter>
    </CustomBuild>
  </ItemGroup>
  <ItemGroup>
    <Filter Include="CMake Rules">
      <UniqueIdentifier>{D26C6E5E-3B63-34CE-A6A4-D933A98438F5}</UniqueIdentifier>
    </Filter>
  </ItemGroup>
</Project>
